// !$*UTF8*$!
{
	archiveVersion = 1;
	classes = {
	};
	objectVersion = 46;
	objects = {

/* Begin PBXBuildFile section */
		2D0056251E76CD14004A30BF /* main.m in Sources */ = {isa = PBXBuildFile; fileRef = 2D0056241E76CD14004A30BF /* main.m */; };
		2D0056281E76CD14004A30BF /* AppDelegate.m in Sources */ = {isa = PBXBuildFile; fileRef = 2D0056271E76CD14004A30BF /* AppDelegate.m */; };
		2D00562B1E76CD14004A30BF /* ViewController.m in Sources */ = {isa = PBXBuildFile; fileRef = 2D00562A1E76CD14004A30BF /* ViewController.m */; };
		2D00562E1E76CD14004A30BF /* Main.storyboard in Resources */ = {isa = PBXBuildFile; fileRef = 2D00562C1E76CD14004A30BF /* Main.storyboard */; };
		2D0056301E76CD14004A30BF /* Assets.xcassets in Resources */ = {isa = PBXBuildFile; fileRef = 2D00562F1E76CD14004A30BF /* Assets.xcassets */; };
		2D0056331E76CD14004A30BF /* LaunchScreen.storyboard in Resources */ = {isa = PBXBuildFile; fileRef = 2D0056311E76CD14004A30BF /* LaunchScreen.storyboard */; };
		2D3509461E76D346001C0EFC /* EBTAttributeLinkClickLabel.m in Sources */ = {isa = PBXBuildFile; fileRef = 2D3509451E76D346001C0EFC /* EBTAttributeLinkClickLabel.m */; };
		D34C7FFB3B5540F8596BACBD /* Pods_EBTCustomAttributeLabel.framework in Frameworks */ = {isa = PBXBuildFile; fileRef = 2AEE65DF86D8A8307F31046E /* Pods_EBTCustomAttributeLabel.framework */; };
/* End PBXBuildFile section */

/* Begin PBXFileReference section */
		01BA7E6D4511FB334ED7CF15 /* Pods-EBTCustomAttributeLabel.release.xcconfig */ = {isa = PBXFileReference; includeInIndex = 1; lastKnownFileType = text.xcconfig; name = "Pods-EBTCustomAttributeLabel.release.xcconfig"; path = "Pods/Target Support Files/Pods-EBTCustomAttributeLabel/Pods-EBTCustomAttributeLabel.release.xcconfig"; sourceTree = "<group>"; };
		2AEE65DF86D8A8307F31046E /* Pods_EBTCustomAttributeLabel.framework */ = {isa = PBXFileReference; explicitFileType = wrapper.framework; includeInIndex = 0; path = Pods_EBTCustomAttributeLabel.framework; sourceTree = BUILT_PRODUCTS_DIR; };
		2D0056201E76CD14004A30BF /* EBTCustomAttributeLabel.app */ = {isa = PBXFileReference; explicitFileType = wrapper.application; includeInIndex = 0; path = EBTCustomAttributeLabel.app; sourceTree = BUILT_PRODUCTS_DIR; };
		2D0056241E76CD14004A30BF /* main.m */ = {isa = PBXFileReference; lastKnownFileType = sourcecode.c.objc; path = main.m; sourceTree = "<group>"; };
		2D0056261E76CD14004A30BF /* AppDelegate.h */ = {isa = PBXFileReference; lastKnownFileType = sourcecode.c.h; path = AppDelegate.h; sourceTree = "<group>"; };
		2D0056271E76CD14004A30BF /* AppDelegate.m */ = {isa = PBXFileReference; lastKnownFileType = sourcecode.c.objc; path = AppDelegate.m; sourceTree = "<group>"; };
		2D0056291E76CD14004A30BF /* ViewController.h */ = {isa = PBXFileReference; lastKnownFileType = sourcecode.c.h; path = ViewController.h; sourceTree = "<group>"; };
		2D00562A1E76CD14004A30BF /* ViewController.m */ = {isa = PBXFileReference; lastKnownFileType = sourcecode.c.objc; path = ViewController.m; sourceTree = "<group>"; };
		2D00562D1E76CD14004A30BF /* Base */ = {isa = PBXFileReference; lastKnownFileType = file.storyboard; name = Base; path = Base.lproj/Main.storyboard; sourceTree = "<group>"; };
		2D00562F1E76CD14004A30BF /* Assets.xcassets */ = {isa = PBXFileReference; lastKnownFileType = folder.assetcatalog; path = Assets.xcassets; sourceTree = "<group>"; };
		2D0056321E76CD14004A30BF /* Base */ = {isa = PBXFileReference; lastKnownFileType = file.storyboard; name = Base; path = Base.lproj/LaunchScreen.storyboard; sourceTree = "<group>"; };
		2D0056341E76CD14004A30BF /* Info.plist */ = {isa = PBXFileReference; lastKnownFileType = text.plist.xml; path = Info.plist; sourceTree = "<group>"; };
		2D3509441E76D346001C0EFC /* EBTAttributeLinkClickLabel.h */ = {isa = PBXFileReference; fileEncoding = 4; lastKnownFileType = sourcecode.c.h; path = EBTAttributeLinkClickLabel.h; sourceTree = "<group>"; };
		2D3509451E76D346001C0EFC /* EBTAttributeLinkClickLabel.m */ = {isa = PBXFileReference; fileEncoding = 4; lastKnownFileType = sourcecode.c.objc; path = EBTAttributeLinkClickLabel.m; sourceTree = "<group>"; };
		A640BD64C7A2AEC63680F605 /* Pods-EBTCustomAttributeLabel.debug.xcconfig */ = {isa = PBXFileReference; includeInIndex = 1; lastKnownFileType = text.xcconfig; name = "Pods-EBTCustomAttributeLabel.debug.xcconfig"; path = "Pods/Target Support Files/Pods-EBTCustomAttributeLabel/Pods-EBTCustomAttributeLabel.debug.xcconfig"; sourceTree = "<group>"; };
/* End PBXFileReference section */

/* Begin PBXFrameworksBuildPhase section */
		2D00561D1E76CD13004A30BF /* Frameworks */ = {
			isa = PBXFrameworksBuildPhase;
			buildActionMask = 2147483647;
			files = (
				D34C7FFB3B5540F8596BACBD /* Pods_EBTCustomAttributeLabel.framework in Frameworks */,
			);
			runOnlyForDeploymentPostprocessing = 0;
		};
/* End PBXFrameworksBuildPhase section */

/* Begin PBXGroup section */
		2D0056171E76CD13004A30BF = {
			isa = PBXGroup;
			children = (
				2D0056221E76CD14004A30BF /* EBTCustomAttributeLabel */,
				2D0056211E76CD14004A30BF /* Products */,
				62C6C8B8C0BBEAD56DA6A31A /* Pods */,
				A298231DFC0FE9285CB0819C /* Frameworks */,
			);
			sourceTree = "<group>";
		};
		2D0056211E76CD14004A30BF /* Products */ = {
			isa = PBXGroup;
			children = (
				2D0056201E76CD14004A30BF /* EBTCustomAttributeLabel.app */,
			);
			name = Products;
			sourceTree = "<group>";
		};
		2D0056221E76CD14004A30BF /* EBTCustomAttributeLabel */ = {
			isa = PBXGroup;
			children = (
				2D3509431E76D322001C0EFC /* EBTAttributeLinkClickLabel */,
				2D0056261E76CD14004A30BF /* AppDelegate.h */,
				2D0056271E76CD14004A30BF /* AppDelegate.m */,
				2D0056291E76CD14004A30BF /* ViewController.h */,
				2D00562A1E76CD14004A30BF /* ViewController.m */,
				2D00562C1E76CD14004A30BF /* Main.storyboard */,
				2D00562F1E76CD14004A30BF /* Assets.xcassets */,
				2D0056311E76CD14004A30BF /* LaunchScreen.storyboard */,
				2D0056341E76CD14004A30BF /* Info.plist */,
				2D0056231E76CD14004A30BF /* Supporting Files */,
			);
			path = EBTCustomAttributeLabel;
			sourceTree = "<group>";
		};
		2D0056231E76CD14004A30BF /* Supporting Files */ = {
			isa = PBXGroup;
			children = (
				2D0056241E76CD14004A30BF /* main.m */,
			);
			name = "Supporting Files";
			sourceTree = "<group>";
		};
		2D3509431E76D322001C0EFC /* EBTAttributeLinkClickLabel */ = {
			isa = PBXGroup;
			children = (
				2D3509441E76D346001C0EFC /* EBTAttributeLinkClickLabel.h */,
				2D3509451E76D346001C0EFC /* EBTAttributeLinkClickLabel.m */,
			);
			path = EBTAttributeLinkClickLabel;
			sourceTree = "<group>";
		};
		62C6C8B8C0BBEAD56DA6A31A /* Pods */ = {
			isa = PBXGroup;
			children = (
				A640BD64C7A2AEC63680F605 /* Pods-EBTCustomAttributeLabel.debug.xcconfig */,
				01BA7E6D4511FB334ED7CF15 /* Pods-EBTCustomAttributeLabel.release.xcconfig */,
			);
			name = Pods;
			sourceTree = "<group>";
		};
		A298231DFC0FE9285CB0819C /* Frameworks */ = {
			isa = PBXGroup;
			children = (
				2AEE65DF86D8A8307F31046E /* Pods_EBTCustomAttributeLabel.framework */,
			);
			name = Frameworks;
			sourceTree = "<group>";
		};
/* End PBXGroup section */

/* Begin PBXNativeTarget section */
		2D00561F1E76CD13004A30BF /* EBTCustomAttributeLabel */ = {
			isa = PBXNativeTarget;
			buildConfigurationList = 2D0056371E76CD14004A30BF /* Build configuration list for PBXNativeTarget "EBTCustomAttributeLabel" */;
			buildPhases = (
				B27594F325B67DA8064722CB /* [CP] Check Pods Manifest.lock */,
				2D00561C1E76CD13004A30BF /* Sources */,
				2D00561D1E76CD13004A30BF /* Frameworks */,
				2D00561E1E76CD13004A30BF /* Resources */,
				827864603C0B27588D8BA09B /* [CP] Embed Pods Frameworks */,
				F93B292EAF18AD8DF031C6BE /* [CP] Copy Pods Resources */,
			);
			buildRules = (
			);
			dependencies = (
			);
			name = EBTCustomAttributeLabel;
			productName = EBTCustomAttributeLabel;
			productReference = 2D0056201E76CD14004A30BF /* EBTCustomAttributeLabel.app */;
			productType = "com.apple.product-type.application";
		};
/* End PBXNativeTarget section */

/* Begin PBXProject section */
		2D0056181E76CD13004A30BF /* Project object */ = {
			isa = PBXProject;
			attributes = {
				LastUpgradeCheck = 0820;
				ORGANIZATIONNAME = com.csst.www;
				TargetAttributes = {
					2D00561F1E76CD13004A30BF = {
						CreatedOnToolsVersion = 8.2.1;
						ProvisioningStyle = Automatic;
					};
				};
			};
			buildConfigurationList = 2D00561B1E76CD13004A30BF /* Build configuration list for PBXProject "EBTCustomAttributeLabel" */;
			compatibilityVersion = "Xcode 3.2";
			developmentRegion = English;
			hasScannedForEncodings = 0;
			knownRegions = (
				en,
				Base,
			);
			mainGroup = 2D0056171E76CD13004A30BF;
			productRefGroup = 2D0056211E76CD14004A30BF /* Products */;
			projectDirPath = "";
			projectRoot = "";
			targets = (
				2D00561F1E76CD13004A30BF /* EBTCustomAttributeLabel */,
			);
		};
/* End PBXProject section */

/* Begin PBXResourcesBuildPhase section */
		2D00561E1E76CD13004A30BF /* Resources */ = {
			isa = PBXResourcesBuildPhase;
			buildActionMask = 2147483647;
			files = (
				2D0056331E76CD14004A30BF /* LaunchScreen.storyboard in Resources */,
				2D0056301E76CD14004A30BF /* Assets.xcassets in Resources */,
				2D00562E1E76CD14004A30BF /* Main.storyboard in Resources */,
			);
			runOnlyForDeploymentPostprocessing = 0;
		};
/* End PBXResourcesBuildPhase section */

/* Begin PBXShellScriptBuildPhase section */
		827864603C0B27588D8BA09B /* [CP] Embed Pods Frameworks */ = {
			isa = PBXShellScriptBuildPhase;
			buildActionMask = 2147483647;
			files = (
			);
			inputPaths = (
			);
			name = "[CP] Embed Pods Frameworks";
			outputPaths = (
			);
			runOnlyForDeploymentPostprocessing = 0;
			shellPath = /bin/sh;
			shellScript = "\"${SRCROOT}/Pods/Target Support Files/Pods-EBTCustomAttributeLabel/Pods-EBTCustomAttributeLabel-frameworks.sh\"\n";
			showEnvVarsInLog = 0;
		};
		B27594F325B67DA8064722CB /* [CP] Check Pods Manifest.lock */ = {
			isa = PBXShellScriptBuildPhase;
			buildActionMask = 2147483647;
			files = (
			);
			inputPaths = (
			);
			name = "[CP] Check Pods Manifest.lock";
			outputPaths = (
			);
			runOnlyForDeploymentPostprocessing = 0;
			shellPath = /bin/sh;
			shellScript = "diff \"${PODS_ROOT}/../Podfile.lock\" \"${PODS_ROOT}/Manifest.lock\" > /dev/null\nif [ $? != 0 ] ; then\n    # print error to STDERR\n    echo \"error: The sandbox is not in sync with the Podfile.lock. Run 'pod install' or update your CocoaPods installation.\" >&2\n    exit 1\nfi\n";
			showEnvVarsInLog = 0;
		};
		F93B292EAF18AD8DF031C6BE /* [CP] Copy Pods Resources */ = {
			isa = PBXShellScriptBuildPhase;
			buildActionMask = 2147483647;
			files = (
			);
			inputPaths = (
			);
			name = "[CP] Copy Pods Resources";
			outputPaths = (
			);
			runOnlyForDeploymentPostprocessing = 0;
			shellPath = /bin/sh;
			shellScript = "\"${SRCROOT}/Pods/Target Support Files/Pods-EBTCustomAttributeLabel/Pods-EBTCustomAttributeLabel-resources.sh\"\n";
			showEnvVarsInLog = 0;
		};
/* End PBXShellScriptBuildPhase section */

/* Begin PBXSourcesBuildPhase section */
		2D00561C1E76CD13004A30BF /* Sources */ = {
			isa = PBXSourcesBuildPhase;
			buildActionMask = 2147483647;
			files = (
				2D00562B1E76CD14004A30BF /* ViewController.m in Sources */,
				2D0056281E76CD14004A30BF /* AppDelegate.m in Sources */,
				2D3509461E76D346001C0EFC /* EBTAttributeLinkClickLabel.m in Sources */,
				2D0056251E76CD14004A30BF /* main.m in Sources */,
			);
			runOnlyForDeploymentPostprocessing = 0;
		};
/* End PBXSourcesBuildPhase section */

/* Begin PBXVariantGroup section */
		2D00562C1E76CD14004A30BF /* Main.storyboard */ = {
			isa = PBXVariantGroup;
			children = (
				2D00562D1E76CD14004A30BF /* Base */,
			);
			name = Main.storyboard;
			sourceTree = "<group>";
		};
		2D0056311E76CD14004A30BF /* LaunchScreen.storyboard */ = {
			isa = PBXVariantGroup;
			children = (
				2D0056321E76CD14004A30BF /* Base */,
			);
			name = LaunchScreen.storyboard;
			sourceTree = "<group>";
		};
/* End PBXVariantGroup section */

/* Begin XCBuildConfiguration section */
		2D0056351E76CD14004A30BF /* Debug */ = {
			isa = XCBuildConfiguration;
			buildSettings = {
				ALWAYS_SEARCH_USER_PATHS = NO;
				CLANG_ANALYZER_NONNULL = YES;
				CLANG_CXX_LANGUAGE_STANDARD = "gnu++0x";
				CLANG_CXX_LIBRARY = "libc++";
				CLANG_ENABLE_MODULES = YES;
				CLANG_ENABLE_OBJC_ARC = YES;
				CLANG_WARN_BOOL_CONVERSION = YES;
				CLANG_WARN_CONSTANT_CONVERSION = YES;
				CLANG_WARN_DIRECT_OBJC_ISA_USAGE = YES_ERROR;
				CLANG_WARN_DOCUMENTATION_COMMENTS = YES;
				CLANG_WARN_EMPTY_BODY = YES;
				CLANG_WARN_ENUM_CONVERSION = YES;
				CLANG_WARN_INFINITE_RECURSION = YES;
				CLANG_WARN_INT_CONVERSION = YES;
				CLANG_WARN_OBJC_ROOT_CLASS = YES_ERROR;
				CLANG_WARN_SUSPICIOUS_MOVE = YES;
				CLANG_WARN_UNREACHABLE_CODE = YES;
				CLANG_WARN__DUPLICATE_METHOD_MATCH = YES;
				"CODE_SIGN_IDENTITY[sdk=iphoneos*]" = "iPhone Developer";
				COPY_PHASE_STRIP = NO;
				DEBUG_INFORMATION_FORMAT = dwarf;
				ENABLE_STRICT_OBJC_MSGSEND = YES;
				ENABLE_TESTABILITY = YES;
				GCC_C_LANGUAGE_STANDARD = gnu99;
				GCC_DYNAMIC_NO_PIC = NO;
				GCC_NO_COMMON_BLOCKS = YES;
				GCC_OPTIMIZATION_LEVEL = 0;
				GCC_PREPROCESSOR_DEFINITIONS = (
					"DEBUG=1",
					"$(inherited)",
				);
				GCC_WARN_64_TO_32_BIT_CONVERSION = YES;
				GCC_WARN_ABOUT_RETURN_TYPE = YES_ERROR;
				GCC_WARN_UNDECLARED_SELECTOR = YES;
				GCC_WARN_UNINITIALIZED_AUTOS = YES_AGGRESSIVE;
				GCC_WARN_UNUSED_FUNCTION = YES;
				GCC_WARN_UNUSED_VARIABLE = YES;
				IPHONEOS_DEPLOYMENT_TARGET = 8.0;
				MTL_ENABLE_DEBUG_INFO = YES;
				ONLY_ACTIVE_ARCH = YES;
				SDKROOT = iphoneos;
			};
			name = Debug;
		};
		2D0056361E76CD14004A30BF /* Release */ = {
			isa = XCBuildConfiguration;
			buildSettings = {
				ALWAYS_SEARCH_USER_PATHS = NO;
				CLANG_ANALYZER_NONNULL = YES;
				CLANG_CXX_LANGUAGE_STANDARD = "gnu++0x";
				CLANG_CXX_LIBRARY = "libc++";
				CLANG_ENABLE_MODULES = YES;
				CLANG_ENABLE_OBJC_ARC = YES;
				CLANG_WARN_BOOL_CONVERSION = YES;
				CLANG_WARN_CONSTANT_CONVERSION = YES;
				CLANG_WARN_DIRECT_OBJC_ISA_USAGE = YES_ERROR;
				CLANG_WARN_DOCUMENTATION_COMMENTS = YES;
				CLANG_WARN_EMPTY_BODY = YES;
				CLANG_WARN_ENUM_CONVERSION = YES;
				CLANG_WARN_INFINITE_RECURSION = YES;
				CLANG_WARN_INT_CONVERSION = YES;
				CLANG_WARN_OBJC_ROOT_CLASS = YES_ERROR;
				CLANG_WARN_SUSPICIOUS_MOVE = YES;
				CLANG_WARN_UNREACHABLE_CODE = YES;
				CLANG_WARN__DUPLICATE_METHOD_MATCH = YES;
				"CODE_SIGN_IDENTITY[sdk=iphoneos*]" = "iPhone Developer";
				COPY_PHASE_STRIP = NO;
				DEBUG_INFORMATION_FORMAT = "dwarf-with-dsym";
				ENABLE_NS_ASSERTIONS = NO;
				ENABLE_STRICT_OBJC_MSGSEND = YES;
				GCC_C_LANGUAGE_STANDARD = gnu99;
				GCC_NO_COMMON_BLOCKS = YES;
				GCC_WARN_64_TO_32_BIT_CONVERSION = YES;
				GCC_WARN_ABOUT_RETURN_TYPE = YES_ERROR;
				GCC_WARN_UNDECLARED_SELECTOR = YES;
				GCC_WARN_UNINITIALIZED_AUTOS = YES_AGGRESSIVE;
				GCC_WARN_UNUSED_FUNCTION = YES;
				GCC_WARN_UNUSED_VARIABLE = YES;
				IPHONEOS_DEPLOYMENT_TARGET = 8.0;
				MTL_ENABLE_DEBUG_INFO = NO;
				SDKROOT = iphoneos;
				VALIDATE_PRODUCT = YES;
			};
			name = Release;
		};
		2D0056381E76CD14004A30BF /* Debug */ = {
			isa = XCBuildConfiguration;
			baseConfigurationReference = A640BD64C7A2AEC63680F605 /* Pods-EBTCustomAttributeLabel.debug.xcconfig */;
			buildSettings = {
				ASSETCATALOG_COMPILER_APPICON_NAME = AppIcon;
				INFOPLIST_FILE = EBTCustomAttributeLabel/Info.plist;
				LD_RUNPATH_SEARCH_PATHS = "$(inherited) @executable_path/Frameworks";
				PRODUCT_BUNDLE_IDENTIFIER = com.csst.www.EBTCustomAttributeLabel;
				PRODUCT_NAME = "$(TARGET_NAME)";
			};
			name = Debug;
		};
		2D0056391E76CD14004A30BF /* Release */ = {
			isa = XCBuildConfiguration;
			baseConfigurationReference = 01BA7E6D4511FB334ED7CF15 /* Pods-EBTCustomAttributeLabel.release.xcconfig */;
			buildSettings = {
				ASSETCATALOG_COMPILER_APPICON_NAME = AppIcon;
				INFOPLIST_FILE = EBTCustomAttributeLabel/Info.plist;
				LD_RUNPATH_SEARCH_PATHS = "$(inherited) @executable_path/Frameworks";
				PRODUCT_BUNDLE_IDENTIFIER = com.csst.www.EBTCustomAttributeLabel;
				PRODUCT_NAME = "$(TARGET_NAME)";
			};
			name = Release;
		};
/* End XCBuildConfiguration section */

/* Begin XCConfigurationList section */
		2D00561B1E76CD13004A30BF /* Build configuration list for PBXProject "EBTCustomAttributeLabel" */ = {
			isa = XCConfigurationList;
			buildConfigurations = (
				2D0056351E76CD14004A30BF /* Debug */,
				2D0056361E76CD14004A30BF /* Release */,
			);
			defaultConfigurationIsVisible = 0;
			defaultConfigurationName = Release;
		};
		2D0056371E76CD14004A30BF /* Build configuration list for PBXNativeTarget "EBTCustomAttributeLabel" */ = {
			isa = XCConfigurationList;
			buildConfigurations = (
				2D0056381E76CD14004A30BF /* Debug */,
				2D0056391E76CD14004A30BF /* Release */,
			);
			defaultConfigurationIsVisible = 0;
			defaultConfigurationName = Release;
		};
/* End XCConfigurationList section */
	};
	rootObject = 2D0056181E76CD13004A30BF /* Project object */;
}
